github.com/klauspost/compress v1.4.0/go.mod h1:RyIbtBH6LamlWaDj8nUwkbUhJ87Yi3uG0guNDohfE1A=
github.com/klauspost/compress v1.4.1 h1:8VMb5+0wMgdBykOV96DwNwKFQ+WTI4pzYURP99CcB9E=
github.com/klauspost/compress v1.4.1/go.mod h1:RyIbtBH6LamlWaDj8nUwkbUhJ87Yi3uG0guNDohfE1A=
github.com/klauspost/cpuid v0.0.0-20180405133222-e7e905edc00e h1:+lIPJOWl+jSiJOc70QXJ07+2eg2Jy2EC7Mi11BWujeM=
github.com/klauspost/cpuid v0.0.0-20180405133222-e7e905edc00e/go.mod h1:Pj4uuM528wm8OyEC2QMXAi2YiTZ96dNQPGgoMS4s3ek=
github.com/mholt/certmagic v0.0.0-20190118173747-01ffe8b3c7d6 h1:c1EaHDZnnaKbF3fVUigPowtsKgDH+6RL7PA83n17KW0=
github.com/mholt/certmagic v0.0.0-20190118173747-01ffe8b3c7d6/go.mod h1:09k100NW9m2nUn/lUB5JmCG1iFw0nEZ4HT0bdhDn9ns=
github.com/miekg/dns v1.1.3 h1:1g0r1IvskvgL8rR+AcHzUA+oFmGcQlaIm4IqakufeMM=
github.com/miekg/dns v1.1.3/go.mod h1:W1PPwlIAgtquWBMBEV9nkV9Cazfe8ScdGz/Lj7v3Nrg=
github.com/rohanthewiz/element v0.1.2 h1:q4CkTCi5yoMW8H9p9bn/zPt4Hk0OpMm7OfIE7BzyfuI=
github.com/rohanthewiz/element v0.1.2/go.mod h1:VNgNUGzMSA2rEot4fXM2deHofTXnF8dt5gV2KIQ+0tA=
github.com/rohanthewiz/rxrouter v0.0.0-20190115005402-209230d422f1 h1:+DT2FOTiIhZjdSd1WpOhND2mpJlcbrTgLKes6Iw4kRA=
github.com/rohanthewiz/rxrouter v0.0.0-20190115005402-209230d422f1/go.mod h1:nPBUE865HXKxGkR5vgEjZukCc0ZdRXqLvHHtnXo5gqE=
github.com/rohanthewiz/rxrouter v0.0.0-20190115025035-cc2461fb4de3 h1:VGP8BQ8KFfWbfonln/ypKjYS7wdJsp1SIaGactHTGRc=
github.com/rohanthewiz/rxrouter v0.0.0-20190115025035-cc2461fb4de3/go.mod h1:nPBUE865HXKxGkR5vgEjZukCc0ZdRXqLvHHtnXo5gqE=
github.com/rohanthewiz/rxrouter v0.0.0-20190115031859-4e29fc198348 h1:MOeKV2+SJR+M1DqrYbSNfwOma6T7TJEyr6ApaNEK02A=
github.com/rohanthewiz/rxrouter v0.0.0-20190115031859-4e29fc198348/go.mod h1:nPBUE865HXKxGkR5vgEjZukCc0ZdRXqLvHHtnXo5gqE=
github.com/rohanthewiz/rxrouter v0.0.0-20190115033435-fba7836f88a8 h1:ayUibAi99Oge1KG56jcMNEtDLMkDZgtSZMfjP0xu3YQ=
github.com/rohanthewiz/rxrouter v0.0.0-20190115033435-fba7836f88a8/go.mod h1:nPBUE865HXKxGkR5vgEjZukCc0ZdRXqLvHHtnXo5gqE=
github.com/rohanthewiz/rxrouter v0.0.0-20190115163959-f40b2775083a h1:5efu7axVLW3n9SCWdOAllS9VLYQSxLReD1/qEwVouKU=
github.com/rohanthewiz/rxrouter v0.0.0-20190115163959-f40b2775083a/go.mod h1:nPBUE865HXKxGkR5vgEjZukCc0ZdRXqLvHHtnXo5gqE=
github.com/rohanthewiz/rxrouter v0.0.0-20190115183400-40688c8e2010 h1:cC2BAJP2Vhyi9cWX+NYm9l5YsGEybV+7lg4jl0zErcE=
github.com/rohanthewiz/rxrouter v0.0.0-20190115183400-40688c8e2010/go.mod h1:nPBUE865HXKxGkR5vgEjZukCc0ZdRXqLvHHtnXo5gqE=
github.com/rohanthewiz/rxrouter v0.0.0-20190115191637-7903197d0383 h1:QdMmW/5hJDw54vrCTTluSb9C9VBZ5LWgd9hOD8ZymJQ=
github.com/rohanthewiz/rxrouter v0.0.0-20190115191637-7903197d0383/go.mod h1:nPBUE865HXKxGkR5vgEjZukCc0ZdRXqLvHHtnXo5gqE=
github.com/rohanthewiz/rxrouter v0.0.0-20190115200133-961aa1ae7ca7 h1:JIqrHQFw+5tYiMJKxA85BnwAxkTtlbgIl0Vym8Fibw8=
github.com/rohanthewiz/rxrouter v0.0.0-20190115200133-961aa1ae7ca7/go.mod h1:nPBUE865HXKxGkR5vgEjZukCc0ZdRXqLvHHtnXo5gqE=
github.com/rohanthewiz/rxrouter v0.0.0-20190115203850-964761aea611 h1:e/RzGvMIHtNsesVaeHci1/vbghpaLWaWC7rwJrvQNxA=
github.com/rohanthewiz/rxrouter v0.0.0-20190115203850-964761aea611/go.mod h1:nPBUE865HXKxGkR5vgEjZukCc0ZdRXqLvHHtnXo5gqE=
github.com/rohanthewiz/rxrouter v0.0.0-20190115204625-6d5fbdea20e9 h1:Ovaqr5+3krY4vQLLCwecjupOozZIXcyqteqn+0j2tjA=
github.com/rohanthewiz/rxrouter v0.0.0-20190115204625-6d5fbdea20e9/go.mod h1:nPBUE865HXKxGkR5vgEjZukCc0ZdRXqLvHHtnXo5gqE=
github.com/rohanthewiz/rxrouter v0.0.0-20190116004851-eca85a9dd3d0 h1:LuA14XN/HTMJb65CutbxbhMizNVmq/O5ndHORDtZCwQ=
github.com/rohanthewiz/rxrouter v0.0.0-20190116004851-eca85a9dd3d0/go.mod h1:nPBUE865HXKxGkR5vgEjZukCc0ZdRXqLvHHtnXo5gqE=
github.com/rohanthewiz/rxrouter v0.0.0-20190118055710-44c5ae6acac1 h1:dB2S19NS11/ZnjHNzAYECDThbl8lpMkur5CHIAZGqV0=
github.com/rohanthewiz/rxrouter v0.0.0-20190118055710-44c5ae6acac1/go.mod h1:nPBUE865HXKxGkR5vgEjZukCc0ZdRXqLvHHtnXo5gqE=
github.com/rohanthewiz/rxrouter v0.0.0-20190118065244-db765b3ed2a2 h1:2QZ5O6No9b5VlNSCTrsQSBuSH8X4LEKW/n4wSi6QXBA=
github.com/rohanthewiz/rxrouter v0.0.0-20190118065244-db765b3ed2a2/go.mod h1:nPBUE865HXKxGkR5vgEjZukCc0ZdRXqLvHHtnXo5gqE=
github.com/rohanthewiz/rxrouter v0.0.0-20190120033120-a82d44694614 h1:Eh/6daYSiZBHuu4Zsi2e6IPloxVNcJxbMDK9yLy5EdA=
github.com/rohanthewiz/rxrouter v0.0.0-20190120033120-a82d44694614/go.mod h1:nPBUE865HXKxGkR5vgEjZukCc0ZdRXqLvHHtnXo5gqE=
github.com/rohanthewiz/rxrouter v0.0.0-20190120040532-7d877f2b00db h1:gBcapV3NI7HCuzR4GQ60O1eXsjDSEPzJxqurPmApiQw=
github.com/rohanthewiz/rxrouter v0.0.0-20190120040532-7d877f2b00db/go.mod h1:nPBUE865HXKxGkR5vgEjZukCc0ZdRXqLvHHtnXo5gqE=
github.com/rohanthewiz/rxrouter v0.0.0-20190120042106-02c6814f2573 h1:MuZ1vSACfZx9GEV7Yyf1fj48meEhmFf8hABgvEw4J8k=
github.com/rohanthewiz/rxrouter v0.0.0-20190120042106-02c6814f2573/go.mod h1:nPBUE865HXKxGkR5vgEjZukCc0ZdRXqLvHHtnXo5gqE=
github.com/rohanthewiz/rxrouter v0.0.0-20190120052508-ae3514738589 h1:A3D34ch6fwq3AxT9yIBsL2nsubiRHLTC+eMr7qBUqJo=
github.com/rohanthewiz/rxrouter v0.0.0-20190120052508-ae3514738589/go.mod h1:nPBUE865HXKxGkR5vgEjZukCc0ZdRXqLvHHtnXo5gqE=
github.com/rohanthewiz/rxrouter v0.0.0-20190120063725-9793427aefaa h1:VbOLxeN3NmGJ/srPtHcpGVus7Wdv7g9ZJckHNzc633I=
github.com/rohanthewiz/rxrouter v0.0.0-20190120063725-9793427aefaa/go.mod h1:nPBUE865HXKxGkR5vgEjZukCc0ZdRXqLvHHtnXo5gqE=
github.com/rohanthewiz/rxrouter v0.0.0-20190120065846-30216e2b3236 h1:P9Z7u0BpBaoVueqX2FIV/snrLHTaD4HynEGMjDz072Q=
github.com/rohanthewiz/rxrouter v0.0.0-20190120065846-30216e2b3236/go.mod h1:nPBUE865HXKxGkR5vgEjZukCc0ZdRXqLvHHtnXo5gqE=
github.com/rohanthewiz/rxrouter v0.0.0-20190121015735-a704dda55884 h1:3HZIY5piQs6kUsRIveQcONxz8wKJkpFgQUtBON5Y2QI=
github.com/rohanthewiz/rxrouter v0.0.0-20190121015735-a704dda55884/go.mod h1:nPBUE865HXKxGkR5vgEjZukCc0ZdRXqLvHHtnXo5gqE=
github.com/rohanthewiz/rxrouter v0.0.0-20190121022402-c4973527aea1 h1:IHBv2b0EmpUtX20E7CZNYunszEHrlQO9z2FR6iOV9iI=
github.com/rohanthewiz/rxrouter v0.0.0-20190121022402-c4973527aea1/go.mod h1:nPBUE865HXKxGkR5vgEjZukCc0ZdRXqLvHHtnXo5gqE=
github.com/rohanthewiz/rxrouter v0.0.0-20190121051559-e829aa3909d5 h1:+cmqnvrAYVZXF4eOhC7Pjq4WJDfgNoTZ1hWG1PJJqow=
github.com/rohanthewiz/rxrouter v0.0.0-20190121051559-e829aa3909d5/go.mod h1:nPBUE865HXKxGkR5vgEjZukCc0ZdRXqLvHHtnXo5gqE=
github.com/valyala/bytebufferpool v1.0.0 h1:GqA5TC/0021Y/b9FG4Oi9Mr3q7XYx6KllzawFIhcdPw=
github.com/valyala/bytebufferpool v1.0.0/go.mod h1:6bBcMArwyJ5K/AmCkWv1jt77kVWyCJ6HpOuEn7z0Csc=
github.com/valyala/fasthttp v1.1.0 h1:3BohG7mqwj4lq7PTX//7gLbUlzNvZSPmuHFnloXT0lw=
github.com/valyala/fasthttp v1.1.0/go.mod h1:4vX61m6KN+xDduDNwXrhIAVZaZaZiQ1luJk8LWSxF3s=
github.com/valyala/tcplisten v0.0.0-20161114210144-ceec8f93295a/go.mod h1:v3UYOV9WzVtRmSR+PDvWpU/qWl4Wa5LApYYX4ZtKbio=
github.com/xenolf/lego v2.0.1+incompatible h1:5x9Zy8MXq0zVvssH5Jk4b3kbDUe5voX1qGTfKA72HAk=
github.com/xenolf/lego v2.0.1+incompatible/go.mod h1:fwiGnfsIjG7OHPfOvgK7Y/Qo6+2Ox0iozjNTkZICKbY=
golang.org/x/crypto v0.0.0-20190103213133-ff983b9c42bc h1:F5tKCVGp+MUAHhKp5MZtGqAlGX3+oCsiL1Q629FL90M=
golang.org/x/crypto v0.0.0-20190103213133-ff983b9c42bc/go.mod h1:6SG95UA2DQfeDnfUPMdvaQW0Q7yPrPDi9nlGo2tz2b4=
golang.org/x/net v0.0.0-20180911220305-26e67e76b6c3 h1:czFLhve3vsQetD6JOJ8NZZvGQIXlnN3/yXxbT6/awxI=
golang.org/x/net v0.0.0-20180911220305-26e67e76b6c3/go.mod h1:mL1N/T3taQHkDXs73rZJwtUhF3w3ftmwwsq0BUmARs4=
golang.org/x/sys v0.0.0-20190116161447-11f53e031339 h1:g/Jesu8+QLnA0CPzF3E1pURg0Byr7i6jLoX5sqjcAh0=
golang.org/x/sys v0.0.0-20190116161447-11f53e031339/go.mod h1:STP8DvDyc/dI5b8T5hshtkjS+E42TnysNCUPdjciGhY=
golang.org/x/text v0.3.0 h1:g61tztE5qeGQ89tm6NTjjM9VPIm088od1l6aSorWRWg=
golang.org/x/text v0.3.0/go.mod h1:NqM8EUOU14njkJ3fqMW+pc6Ldnwhi/IjpwHt7yyuwOQ=
gopkg.in/square/go-jose.v2 v2.2.2 h1:orlkJ3myw8CN1nVQHBFfloD+L3egixIa4FvUP6RosSA=
gopkg.in/square/go-jose.v2 v2.2.2/go.mod h1:M9dMgbHiYLoDGQrXy7OpJDJWiKiU//h+vD76mk0e1AI=
